
Microsoft Visual Studio Solution File, Format Version 12.00
# Visual Studio Version 16
VisualStudioVersion = 16.0.31205.134
MinimumVisualStudioVersion = 10.0.40219.1
Project("{9A19103F-16F7-4668-BE54-9A1E7A4F7556}") = "Helpers", "Helpers\Helpers.csproj", "{3150AB91-BB85-41B0-A724-AAC3981082DE}"
EndProject
Project("{FAE04EC0-301F-11D3-BF4B-00C04F79EFBC}") = "Year2021", "2021\Year2021.csproj", "{4A9308F7-E425-417E-9CD7-B48C6E5BEE63}"
EndProject
Global
	GlobalSection(SolutionConfigurationPlatforms) = preSolution
		Debug|Any CPU = Debug|Any CPU
		Release|Any CPU = Release|Any CPU
	EndGlobalSection
	GlobalSection(ProjectConfigurationPlatforms) = postSolution
		{3150AB91-BB85-41B0-A724-AAC3981082DE}.Debug|Any CPU.ActiveCfg = Debug|Any CPU
		{3150AB91-BB85-41B0-A724-AAC3981082DE}.Debug|Any CPU.Build.0 = Debug|Any CPU
		{3150AB91-BB85-41B0-A724-AAC3981082DE}.Release|Any CPU.ActiveCfg = Release|Any CPU
		{3150AB91-BB85-41B0-A724-AAC3981082DE}.Release|Any CPU.Build.0 = Release|Any CPU
		{4A9308F7-E425-417E-9CD7-B48C6E5BEE63}.Debug|Any CPU.ActiveCfg = Debug|Any CPU
		{4A9308F7-E425-417E-9CD7-B48C6E5BEE63}.Debug|Any CPU.Build.0 = Debug|Any CPU
		{4A9308F7-E425-417E-9CD7-B48C6E5BEE63}.Release|Any CPU.ActiveCfg = Release|Any CPU
		{4A9308F7-E425-417E-9CD7-B48C6E5BEE63}.Release|Any CPU.Build.0 = Release|Any CPU
	EndGlobalSection
	GlobalSection(SolutionProperties) = preSolution
		HideSolutionNode = FALSE
	EndGlobalSection
	GlobalSection(ExtensibilityGlobals) = postSolution
		SolutionGuid = {04B23222-C1D3-4C6D-A3AD-F8309375460E}
	EndGlobalSection
EndGlobal
